
Microsoft Visual Studio Solution File, Format Version 12.00
# Visual Studio Version 16
VisualStudioVersion = 16.0.30607.51
MinimumVisualStudioVersion = 10.0.40219.1
Project("{FAE04EC0-301F-11D3-BF4B-00C04F79EFBC}") = "Projeto_Aula1_14.09.Android", "Projeto_Aula1_14.09\Projeto_Aula1_14.09.Android\Projeto_Aula1_14.09.Android.csproj", "{8E6E4FCD-FB84-4A43-AE63-3C6E858A9BD9}"
EndProject
Project("{FAE04EC0-301F-11D3-BF4B-00C04F79EFBC}") = "Projeto_Aula1_14.09", "Projeto_Aula1_14.09\Projeto_Aula1_14.09\Projeto_Aula1_14.09.csproj", "{8F20E4E0-C117-4081-81BE-A350BDEF19C2}"
EndProject
Global
	GlobalSection(SolutionConfigurationPlatforms) = preSolution
		Debug|Any CPU = Debug|Any CPU
		Release|Any CPU = Release|Any CPU
	EndGlobalSection
	GlobalSection(ProjectConfigurationPlatforms) = postSolution
		{8E6E4FCD-FB84-4A43-AE63-3C6E858A9BD9}.Debug|Any CPU.ActiveCfg = Debug|Any CPU
		{8E6E4FCD-FB84-4A43-AE63-3C6E858A9BD9}.Debug|Any CPU.Build.0 = Debug|Any CPU
		{8E6E4FCD-FB84-4A43-AE63-3C6E858A9BD9}.Debug|Any CPU.Deploy.0 = Debug|Any CPU
		{8E6E4FCD-FB84-4A43-AE63-3C6E858A9BD9}.Release|Any CPU.ActiveCfg = Release|Any CPU
		{8E6E4FCD-FB84-4A43-AE63-3C6E858A9BD9}.Release|Any CPU.Build.0 = Release|Any CPU
		{8E6E4FCD-FB84-4A43-AE63-3C6E858A9BD9}.Release|Any CPU.Deploy.0 = Release|Any CPU
		{8F20E4E0-C117-4081-81BE-A350BDEF19C2}.Debug|Any CPU.ActiveCfg = Debug|Any CPU
		{8F20E4E0-C117-4081-81BE-A350BDEF19C2}.Debug|Any CPU.Build.0 = Debug|Any CPU
		{8F20E4E0-C117-4081-81BE-A350BDEF19C2}.Debug|Any CPU.Deploy.0 = Debug|Any CPU
		{8F20E4E0-C117-4081-81BE-A350BDEF19C2}.Release|Any CPU.ActiveCfg = Release|Any CPU
		{8F20E4E0-C117-4081-81BE-A350BDEF19C2}.Release|Any CPU.Build.0 = Release|Any CPU
		{8F20E4E0-C117-4081-81BE-A350BDEF19C2}.Release|Any CPU.Deploy.0 = Release|Any CPU
	EndGlobalSection
	GlobalSection(SolutionProperties) = preSolution
		HideSolutionNode = FALSE
	EndGlobalSection
	GlobalSection(ExtensibilityGlobals) = postSolution
		SolutionGuid = {46DC05DA-B2D2-415B-83AE-62404D6FF900}
	EndGlobalSection
EndGlobal
